{
  "name": "minnesinger.admin",
  "version": "0.0.0",
  "lockfileVersion": 2,
  "requires": true,
  "packages": {
    "": {
      "name": "minnesinger.admin",
      "version": "0.0.0",
      "license": "GPL-3.0",
      "dependencies": {
        "id3-parser": "^3.0.0",
        "mime-db": "^1.52.0"
      }
    },
    "node_modules/id3-parser": {
      "version": "3.0.0",
      "resolved": "https://registry.npmjs.org/id3-parser/-/id3-parser-3.0.0.tgz",
      "integrity": "sha512-ubxxh6inGy2VM4N3L1F8uFQXKgKoFgFuT3BSEg7e+5bbSu7pw91tQqxVhUdJVg3jbzZYZJFaej29o8shfJ/GGg==",
      "engines": {
        "node": ">=16"
      }
    },
    "node_modules/mime-db": {
      "version": "1.52.0",
      "resolved": "https://registry.npmjs.org/mime-db/-/mime-db-1.52.0.tgz",
      "integrity": "sha512-sPU4uV7dYlvtWJxwwxHD0PuihVNiE7TyAbQ5SWxDCB9mUYvOgroQOwYQQOKPJ8CIbE+1ETVlOoK1UC2nU3gYvg==",
      "engines": {
        "node": ">= 0.6"
      }
    }
  },
  "dependencies": {
    "id3-parser": {
      "version": "3.0.0",
      "resolved": "https://registry.npmjs.org/id3-parser/-/id3-parser-3.0.0.tgz",
      "integrity": "sha512-ubxxh6inGy2VM4N3L1F8uFQXKgKoFgFuT3BSEg7e+5bbSu7pw91tQqxVhUdJVg3jbzZYZJFaej29o8shfJ/GGg=="
    },
    "mime-db": {
      "version": "1.52.0",
      "resolved": "https://registry.npmjs.org/mime-db/-/mime-db-1.52.0.tgz",
      "integrity": "sha512-sPU4uV7dYlvtWJxwwxHD0PuihVNiE7TyAbQ5SWxDCB9mUYvOgroQOwYQQOKPJ8CIbE+1ETVlOoK1UC2nU3gYvg=="
    }
  }
}
